
Microsoft Visual Studio Solution File, Format Version 12.00
# Visual Studio 15
VisualStudioVersion = 15.0.28307.271
MinimumVisualStudioVersion = 10.0.40219.1
Project("{888888A0-9F3D-457C-B088-3A5042F75D52}") = "Kriptografija", "Kriptografija\Kriptografija.pyproj", "{54A52483-40E2-47F3-A2B5-19CD5BFBD8CC}"
EndProject
Global
	GlobalSection(SolutionConfigurationPlatforms) = preSolution
		Debug|Any CPU = Debug|Any CPU
		Release|Any CPU = Release|Any CPU
	EndGlobalSection
	GlobalSection(ProjectConfigurationPlatforms) = postSolution
		{54A52483-40E2-47F3-A2B5-19CD5BFBD8CC}.Debug|Any CPU.ActiveCfg = Debug|Any CPU
		{54A52483-40E2-47F3-A2B5-19CD5BFBD8CC}.Release|Any CPU.ActiveCfg = Release|Any CPU
	EndGlobalSection
	GlobalSection(SolutionProperties) = preSolution
		HideSolutionNode = FALSE
	EndGlobalSection
	GlobalSection(ExtensibilityGlobals) = postSolution
		SolutionGuid = {1F2482A4-AB31-4841-B4D7-2B0320AA5611}
	EndGlobalSection
EndGlobal
